
Microsoft Visual Studio Solution File, Format Version 12.00
# Visual Studio Version 16
VisualStudioVersion = 16.0.29509.3
MinimumVisualStudioVersion = 10.0.40219.1
Project("{9A19103F-16F7-4668-BE54-9A1E7A4F7556}") = "rkbc", "rkbc\rkbc.csproj", "{8C845AFC-08B5-49E3-AACA-680A2591938E}"
EndProject
Global
	GlobalSection(SolutionConfigurationPlatforms) = preSolution
		Debug|Any CPU = Debug|Any CPU
		Debug|iPhone = Debug|iPhone
		Debug|iPhoneSimulator = Debug|iPhoneSimulator
		Release|Any CPU = Release|Any CPU
		Release|iPhone = Release|iPhone
		Release|iPhoneSimulator = Release|iPhoneSimulator
	EndGlobalSection
	GlobalSection(ProjectConfigurationPlatforms) = postSolution
		{8C845AFC-08B5-49E3-AACA-680A2591938E}.Debug|Any CPU.ActiveCfg = Debug|Any CPU
		{8C845AFC-08B5-49E3-AACA-680A2591938E}.Debug|Any CPU.Build.0 = Debug|Any CPU
		{8C845AFC-08B5-49E3-AACA-680A2591938E}.Debug|iPhone.ActiveCfg = Debug|Any CPU
		{8C845AFC-08B5-49E3-AACA-680A2591938E}.Debug|iPhone.Build.0 = Debug|Any CPU
		{8C845AFC-08B5-49E3-AACA-680A2591938E}.Debug|iPhoneSimulator.ActiveCfg = Debug|Any CPU
		{8C845AFC-08B5-49E3-AACA-680A2591938E}.Debug|iPhoneSimulator.Build.0 = Debug|Any CPU
		{8C845AFC-08B5-49E3-AACA-680A2591938E}.Release|Any CPU.ActiveCfg = Release|Any CPU
		{8C845AFC-08B5-49E3-AACA-680A2591938E}.Release|Any CPU.Build.0 = Release|Any CPU
		{8C845AFC-08B5-49E3-AACA-680A2591938E}.Release|iPhone.ActiveCfg = Release|Any CPU
		{8C845AFC-08B5-49E3-AACA-680A2591938E}.Release|iPhone.Build.0 = Release|Any CPU
		{8C845AFC-08B5-49E3-AACA-680A2591938E}.Release|iPhoneSimulator.ActiveCfg = Release|Any CPU
		{8C845AFC-08B5-49E3-AACA-680A2591938E}.Release|iPhoneSimulator.Build.0 = Release|Any CPU
	EndGlobalSection
	GlobalSection(SolutionProperties) = preSolution
		HideSolutionNode = FALSE
	EndGlobalSection
	GlobalSection(ExtensibilityGlobals) = postSolution
		SolutionGuid = {CCD6089E-0CB4-4B02-B452-C586E9BCA00A}
	EndGlobalSection
EndGlobal
