
Microsoft Visual Studio Solution File, Format Version 12.00
# Visual Studio Version 16
VisualStudioVersion = 16.0.29509.3
MinimumVisualStudioVersion = 10.0.40219.1
Project("{FAE04EC0-301F-11D3-BF4B-00C04F79EFBC}") = "rkbc", "rkbc\rkbc.csproj", "{607F95E2-F60E-4A66-9098-D88BFE828474}"
EndProject
Global
	GlobalSection(SolutionConfigurationPlatforms) = preSolution
		Debug|Any CPU = Debug|Any CPU
		Release|Any CPU = Release|Any CPU
	EndGlobalSection
	GlobalSection(ProjectConfigurationPlatforms) = postSolution
		{607F95E2-F60E-4A66-9098-D88BFE828474}.Debug|Any CPU.ActiveCfg = Debug|Any CPU
		{607F95E2-F60E-4A66-9098-D88BFE828474}.Debug|Any CPU.Build.0 = Debug|Any CPU
		{607F95E2-F60E-4A66-9098-D88BFE828474}.Release|Any CPU.ActiveCfg = Release|Any CPU
		{607F95E2-F60E-4A66-9098-D88BFE828474}.Release|Any CPU.Build.0 = Release|Any CPU
	EndGlobalSection
	GlobalSection(SolutionProperties) = preSolution
		HideSolutionNode = FALSE
	EndGlobalSection
	GlobalSection(ExtensibilityGlobals) = postSolution
		SolutionGuid = {B43C669F-C5E2-48A7-8BF5-E68201FC3E00}
	EndGlobalSection
EndGlobal
